
Microsoft Visual Studio Solution File, Format Version 12.00
# Visual Studio Version 17
VisualStudioVersion = 17.10.35013.160
MinimumVisualStudioVersion = 10.0.40219.1
Project("{FAE04EC0-301F-11D3-BF4B-00C04F79EFBC}") = "WinFormsApp1", "WinFormsApp1\WinFormsApp1.csproj", "{CF96A225-640C-4652-ADEA-495941B5A67C}"
EndProject
Global
	GlobalSection(SolutionConfigurationPlatforms) = preSolution
		Debug|Any CPU = Debug|Any CPU
		Release|Any CPU = Release|Any CPU
	EndGlobalSection
	GlobalSection(ProjectConfigurationPlatforms) = postSolution
		{CF96A225-640C-4652-ADEA-495941B5A67C}.Debug|Any CPU.ActiveCfg = Debug|Any CPU
		{CF96A225-640C-4652-ADEA-495941B5A67C}.Debug|Any CPU.Build.0 = Debug|Any CPU
		{CF96A225-640C-4652-ADEA-495941B5A67C}.Release|Any CPU.ActiveCfg = Release|Any CPU
		{CF96A225-640C-4652-ADEA-495941B5A67C}.Release|Any CPU.Build.0 = Release|Any CPU
	EndGlobalSection
	GlobalSection(SolutionProperties) = preSolution
		HideSolutionNode = FALSE
	EndGlobalSection
	GlobalSection(ExtensibilityGlobals) = postSolution
		SolutionGuid = {2607AEE3-7398-4421-BF7F-7EECA1FE5FC7}
	EndGlobalSection
EndGlobal
